
Microsoft Visual Studio Solution File, Format Version 12.00
# Visual Studio 15
Project("{FAE04EC0-301F-11D3-BF4B-00C04F79EFBC}") = "Assembly-CSharp", "Assembly-CSharp.csproj", "{81334FEB-E91C-2E0E-D196-4B4D05F10452}"
EndProject
Project("{FAE04EC0-301F-11D3-BF4B-00C04F79EFBC}") = "Assembly-CSharp-Editor", "Assembly-CSharp-Editor.csproj", "{46734388-8BEF-7EB0-513E-13A8FA38ABAB}"
EndProject
Global
	GlobalSection(SolutionConfigurationPlatforms) = preSolution
		Debug|Any CPU = Debug|Any CPU
		Release|Any CPU = Release|Any CPU
	EndGlobalSection
	GlobalSection(ProjectConfigurationPlatforms) = postSolution
		{81334FEB-E91C-2E0E-D196-4B4D05F10452}.Debug|Any CPU.ActiveCfg = Debug|Any CPU
		{81334FEB-E91C-2E0E-D196-4B4D05F10452}.Debug|Any CPU.Build.0 = Debug|Any CPU
		{81334FEB-E91C-2E0E-D196-4B4D05F10452}.Release|Any CPU.ActiveCfg = Release|Any CPU
		{81334FEB-E91C-2E0E-D196-4B4D05F10452}.Release|Any CPU.Build.0 = Release|Any CPU
		{46734388-8BEF-7EB0-513E-13A8FA38ABAB}.Debug|Any CPU.ActiveCfg = Debug|Any CPU
		{46734388-8BEF-7EB0-513E-13A8FA38ABAB}.Debug|Any CPU.Build.0 = Debug|Any CPU
		{46734388-8BEF-7EB0-513E-13A8FA38ABAB}.Release|Any CPU.ActiveCfg = Release|Any CPU
		{46734388-8BEF-7EB0-513E-13A8FA38ABAB}.Release|Any CPU.Build.0 = Release|Any CPU
	EndGlobalSection
	GlobalSection(SolutionProperties) = preSolution
		HideSolutionNode = FALSE
	EndGlobalSection
EndGlobal
